{
  "name": "hoge",
  "version": "1.0.0",
  "lockfileVersion": 3,
  "requires": true,
  "packages": {
    "": {
      "name": "hoge",
      "version": "1.0.0",
      "license": "ISC",
      "devDependencies": {
        "aicommits": "^1.11.0"
      }
    },
    "node_modules/@dqbd/tiktoken": {
      "version": "1.0.15",
      "resolved": "https://registry.npmjs.org/@dqbd/tiktoken/-/tiktoken-1.0.15.tgz",
      "integrity": "sha512-a6I67K1xUkuqcuwulobIJiLikkoE7egMaviI1Jg5bxSn2V7QGqXsGE3jTKr8UIOU/o74mAAd5TkeXFNBtaKF4A==",
      "dev": true
    },
    "node_modules/aicommits": {
      "version": "1.11.0",
      "resolved": "https://registry.npmjs.org/aicommits/-/aicommits-1.11.0.tgz",
      "integrity": "sha512-YRy+M230yIuJ+j3YqXRAtAbmR2rJSzST5TbJASPXqaIh7kMN477DGQS1cwqwTJeBdMXKBJrWJAgVd//LkoA4Wg==",
      "dev": true,
      "dependencies": {
        "@dqbd/tiktoken": "^1.0.2"
      },
      "bin": {
        "aic": "dist/cli.mjs",
        "aicommits": "dist/cli.mjs"
      }
    }
  }
}
